// !$*UTF8*$!
{
	archiveVersion = 1;
	classes = {
	};
	objectVersion = 56;
	objects = {

/* Begin PBXBuildFile section */
		20E09D8D2BDF7C8F00F84F93 /* AppDelegate.swift in Sources */ = {isa = PBXBuildFile; fileRef = 20E09D8C2BDF7C8F00F84F93 /* AppDelegate.swift */; };
		20E09D8F2BDF7C8F00F84F93 /* SceneDelegate.swift in Sources */ = {isa = PBXBuildFile; fileRef = 20E09D8E2BDF7C8F00F84F93 /* SceneDelegate.swift */; };
		20E09D912BDF7C8F00F84F93 /* ViewController.swift in Sources */ = {isa = PBXBuildFile; fileRef = 20E09D902BDF7C8F00F84F93 /* ViewController.swift */; };
		20E09D942BDF7C8F00F84F93 /* Base in Resources */ = {isa = PBXBuildFile; fileRef = 20E09D932BDF7C8F00F84F93 /* Base */; };
		20E09D972BDF7C8F00F84F93 /* InvestAppDesign.xcdatamodeld in Sources */ = {isa = PBXBuildFile; fileRef = 20E09D952BDF7C8F00F84F93 /* InvestAppDesign.xcdatamodeld */; };
		20E09D992BDF7C9000F84F93 /* Assets.xcassets in Resources */ = {isa = PBXBuildFile; fileRef = 20E09D982BDF7C9000F84F93 /* Assets.xcassets */; };
		20E09D9C2BDF7C9000F84F93 /* Base in Resources */ = {isa = PBXBuildFile; fileRef = 20E09D9B2BDF7C9000F84F93 /* Base */; };
		20E09DA72BDF7C9000F84F93 /* InvestAppDesignTests.swift in Sources */ = {isa = PBXBuildFile; fileRef = 20E09DA62BDF7C9000F84F93 /* InvestAppDesignTests.swift */; };
		20E09DB12BDF7C9000F84F93 /* InvestAppDesignUITests.swift in Sources */ = {isa = PBXBuildFile; fileRef = 20E09DB02BDF7C9000F84F93 /* InvestAppDesignUITests.swift */; };
		20E09DB32BDF7C9000F84F93 /* InvestAppDesignUITestsLaunchTests.swift in Sources */ = {isa = PBXBuildFile; fileRef = 20E09DB22BDF7C9000F84F93 /* InvestAppDesignUITestsLaunchTests.swift */; };
/* End PBXBuildFile section */

/* Begin PBXContainerItemProxy section */
		20E09DA32BDF7C9000F84F93 /* PBXContainerItemProxy */ = {
			isa = PBXContainerItemProxy;
			containerPortal = 20E09D812BDF7C8F00F84F93 /* Project object */;
			proxyType = 1;
			remoteGlobalIDString = 20E09D882BDF7C8F00F84F93;
			remoteInfo = InvestAppDesign;
		};
		20E09DAD2BDF7C9000F84F93 /* PBXContainerItemProxy */ = {
			isa = PBXContainerItemProxy;
			containerPortal = 20E09D812BDF7C8F00F84F93 /* Project object */;
			proxyType = 1;
			remoteGlobalIDString = 20E09D882BDF7C8F00F84F93;
			remoteInfo = InvestAppDesign;
		};
/* End PBXContainerItemProxy section */

/* Begin PBXFileReference section */
		20E09D892BDF7C8F00F84F93 /* InvestAppDesign.app */ = {isa = PBXFileReference; explicitFileType = wrapper.application; includeInIndex = 0; path = InvestAppDesign.app; sourceTree = BUILT_PRODUCTS_DIR; };
		20E09D8C2BDF7C8F00F84F93 /* AppDelegate.swift */ = {isa = PBXFileReference; lastKnownFileType = sourcecode.swift; path = AppDelegate.swift; sourceTree = "<group>"; };
		20E09D8E2BDF7C8F00F84F93 /* SceneDelegate.swift */ = {isa = PBXFileReference; lastKnownFileType = sourcecode.swift; path = SceneDelegate.swift; sourceTree = "<group>"; };
		20E09D902BDF7C8F00F84F93 /* ViewController.swift */ = {isa = PBXFileReference; lastKnownFileType = sourcecode.swift; path = ViewController.swift; sourceTree = "<group>"; };
		20E09D932BDF7C8F00F84F93 /* Base */ = {isa = PBXFileReference; lastKnownFileType = file.storyboard; name = Base; path = Base.lproj/Main.storyboard; sourceTree = "<group>"; };
		20E09D962BDF7C8F00F84F93 /* InvestAppDesign.xcdatamodel */ = {isa = PBXFileReference; lastKnownFileType = wrapper.xcdatamodel; path = InvestAppDesign.xcdatamodel; sourceTree = "<group>"; };
		20E09D982BDF7C9000F84F93 /* Assets.xcassets */ = {isa = PBXFileReference; lastKnownFileType = folder.assetcatalog; path = Assets.xcassets; sourceTree = "<group>"; };
		20E09D9B2BDF7C9000F84F93 /* Base */ = {isa = PBXFileReference; lastKnownFileType = file.storyboard; name = Base; path = Base.lproj/LaunchScreen.storyboard; sourceTree = "<group>"; };
		20E09D9D2BDF7C9000F84F93 /* Info.plist */ = {isa = PBXFileReference; lastKnownFileType = text.plist.xml; path = Info.plist; sourceTree = "<group>"; };
		20E09DA22BDF7C9000F84F93 /* InvestAppDesignTests.xctest */ = {isa = PBXFileReference; explicitFileType = wrapper.cfbundle; includeInIndex = 0; path = InvestAppDesignTests.xctest; sourceTree = BUILT_PRODUCTS_DIR; };
		20E09DA62BDF7C9000F84F93 /* InvestAppDesignTests.swift */ = {isa = PBXFileReference; lastKnownFileType = sourcecode.swift; path = InvestAppDesignTests.swift; sourceTree = "<group>"; };
		20E09DAC2BDF7C9000F84F93 /* InvestAppDesignUITests.xctest */ = {isa = PBXFileReference; explicitFileType = wrapper.cfbundle; includeInIndex = 0; path = InvestAppDesignUITests.xctest; sourceTree = BUILT_PRODUCTS_DIR; };
		20E09DB02BDF7C9000F84F93 /* InvestAppDesignUITests.swift */ = {isa = PBXFileReference; lastKnownFileType = sourcecode.swift; path = InvestAppDesignUITests.swift; sourceTree = "<group>"; };
		20E09DB22BDF7C9000F84F93 /* InvestAppDesignUITestsLaunchTests.swift */ = {isa = PBXFileReference; lastKnownFileType = sourcecode.swift; path = InvestAppDesignUITestsLaunchTests.swift; sourceTree = "<group>"; };
/* End PBXFileReference section */

/* Begin PBXFrameworksBuildPhase section */
		20E09D862BDF7C8F00F84F93 /* Frameworks */ = {
			isa = PBXFrameworksBuildPhase;
			buildActionMask = 2147483647;
			files = (
			);
			runOnlyForDeploymentPostprocessing = 0;
		};
		20E09D9F2BDF7C9000F84F93 /* Frameworks */ = {
			isa = PBXFrameworksBuildPhase;
			buildActionMask = 2147483647;
			files = (
			);
			runOnlyForDeploymentPostprocessing = 0;
		};
		20E09DA92BDF7C9000F84F93 /* Frameworks */ = {
			isa = PBXFrameworksBuildPhase;
			buildActionMask = 2147483647;
			files = (
			);
			runOnlyForDeploymentPostprocessing = 0;
		};
/* End PBXFrameworksBuildPhase section */

/* Begin PBXGroup section */
		20E09D802BDF7C8F00F84F93 = {
			isa = PBXGroup;
			children = (
				20E09D8B2BDF7C8F00F84F93 /* InvestAppDesign */,
				20E09DA52BDF7C9000F84F93 /* InvestAppDesignTests */,
				20E09DAF2BDF7C9000F84F93 /* InvestAppDesignUITests */,
				20E09D8A2BDF7C8F00F84F93 /* Products */,
			);
			sourceTree = "<group>";
		};
		20E09D8A2BDF7C8F00F84F93 /* Products */ = {
			isa = PBXGroup;
			children = (
				20E09D892BDF7C8F00F84F93 /* InvestAppDesign.app */,
				20E09DA22BDF7C9000F84F93 /* InvestAppDesignTests.xctest */,
				20E09DAC2BDF7C9000F84F93 /* InvestAppDesignUITests.xctest */,
			);
			name = Products;
			sourceTree = "<group>";
		};
		20E09D8B2BDF7C8F00F84F93 /* InvestAppDesign */ = {
			isa = PBXGroup;
			children = (
				20E09D8C2BDF7C8F00F84F93 /* AppDelegate.swift */,
				20E09D8E2BDF7C8F00F84F93 /* SceneDelegate.swift */,
				20E09D902BDF7C8F00F84F93 /* ViewController.swift */,
				20E09D922BDF7C8F00F84F93 /* Main.storyboard */,
				20E09D982BDF7C9000F84F93 /* Assets.xcassets */,
				20E09D9A2BDF7C9000F84F93 /* LaunchScreen.storyboard */,
				20E09D9D2BDF7C9000F84F93 /* Info.plist */,
				20E09D952BDF7C8F00F84F93 /* InvestAppDesign.xcdatamodeld */,
			);
			path = InvestAppDesign;
			sourceTree = "<group>";
		};
		20E09DA52BDF7C9000F84F93 /* InvestAppDesignTests */ = {
			isa = PBXGroup;
			children = (
				20E09DA62BDF7C9000F84F93 /* InvestAppDesignTests.swift */,
			);
			path = InvestAppDesignTests;
			sourceTree = "<group>";
		};
		20E09DAF2BDF7C9000F84F93 /* InvestAppDesignUITests */ = {
			isa = PBXGroup;
			children = (
				20E09DB02BDF7C9000F84F93 /* InvestAppDesignUITests.swift */,
				20E09DB22BDF7C9000F84F93 /* InvestAppDesignUITestsLaunchTests.swift */,
			);
			path = InvestAppDesignUITests;
			sourceTree = "<group>";
		};
/* End PBXGroup section */

/* Begin PBXNativeTarget section */
		20E09D882BDF7C8F00F84F93 /* InvestAppDesign */ = {
			isa = PBXNativeTarget;
			buildConfigurationList = 20E09DB62BDF7C9000F84F93 /* Build configuration list for PBXNativeTarget "InvestAppDesign" */;
			buildPhases = (
				20E09D852BDF7C8F00F84F93 /* Sources */,
				20E09D862BDF7C8F00F84F93 /* Frameworks */,
				20E09D872BDF7C8F00F84F93 /* Resources */,
			);
			buildRules = (
			);
			dependencies = (
			);
			name = InvestAppDesign;
			productName = InvestAppDesign;
			productReference = 20E09D892BDF7C8F00F84F93 /* InvestAppDesign.app */;
			productType = "com.apple.product-type.application";
		};
		20E09DA12BDF7C9000F84F93 /* InvestAppDesignTests */ = {
			isa = PBXNativeTarget;
			buildConfigurationList = 20E09DB92BDF7C9000F84F93 /* Build configuration list for PBXNativeTarget "InvestAppDesignTests" */;
			buildPhases = (
				20E09D9E2BDF7C9000F84F93 /* Sources */,
				20E09D9F2BDF7C9000F84F93 /* Frameworks */,
				20E09DA02BDF7C9000F84F93 /* Resources */,
			);
			buildRules = (
			);
			dependencies = (
				20E09DA42BDF7C9000F84F93 /* PBXTargetDependency */,
			);
			name = InvestAppDesignTests;
			productName = InvestAppDesignTests;
			productReference = 20E09DA22BDF7C9000F84F93 /* InvestAppDesignTests.xctest */;
			productType = "com.apple.product-type.bundle.unit-test";
		};
		20E09DAB2BDF7C9000F84F93 /* InvestAppDesignUITests */ = {
			isa = PBXNativeTarget;
			buildConfigurationList = 20E09DBC2BDF7C9000F84F93 /* Build configuration list for PBXNativeTarget "InvestAppDesignUITests" */;
			buildPhases = (
				20E09DA82BDF7C9000F84F93 /* Sources */,
				20E09DA92BDF7C9000F84F93 /* Frameworks */,
				20E09DAA2BDF7C9000F84F93 /* Resources */,
			);
			buildRules = (
			);
			dependencies = (
				20E09DAE2BDF7C9000F84F93 /* PBXTargetDependency */,
			);
			name = InvestAppDesignUITests;
			productName = InvestAppDesignUITests;
			productReference = 20E09DAC2BDF7C9000F84F93 /* InvestAppDesignUITests.xctest */;
			productType = "com.apple.product-type.bundle.ui-testing";
		};
/* End PBXNativeTarget section */

/* Begin PBXProject section */
		20E09D812BDF7C8F00F84F93 /* Project object */ = {
			isa = PBXProject;
			attributes = {
				BuildIndependentTargetsInParallel = 1;
				LastSwiftUpdateCheck = 1530;
				LastUpgradeCheck = 1530;
				TargetAttributes = {
					20E09D882BDF7C8F00F84F93 = {
						CreatedOnToolsVersion = 15.3;
					};
					20E09DA12BDF7C9000F84F93 = {
						CreatedOnToolsVersion = 15.3;
						TestTargetID = 20E09D882BDF7C8F00F84F93;
					};
					20E09DAB2BDF7C9000F84F93 = {
						CreatedOnToolsVersion = 15.3;
						TestTargetID = 20E09D882BDF7C8F00F84F93;
					};
				};
			};
			buildConfigurationList = 20E09D842BDF7C8F00F84F93 /* Build configuration list for PBXProject "InvestAppDesign" */;
			compatibilityVersion = "Xcode 14.0";
			developmentRegion = en;
			hasScannedForEncodings = 0;
			knownRegions = (
				en,
				Base,
			);
			mainGroup = 20E09D802BDF7C8F00F84F93;
			productRefGroup = 20E09D8A2BDF7C8F00F84F93 /* Products */;
			projectDirPath = "";
			projectRoot = "";
			targets = (
				20E09D882BDF7C8F00F84F93 /* InvestAppDesign */,
				20E09DA12BDF7C9000F84F93 /* InvestAppDesignTests */,
				20E09DAB2BDF7C9000F84F93 /* InvestAppDesignUITests */,
			);
		};
/* End PBXProject section */

/* Begin PBXResourcesBuildPhase section */
		20E09D872BDF7C8F00F84F93 /* Resources */ = {
			isa = PBXResourcesBuildPhase;
			buildActionMask = 2147483647;
			files = (
				20E09D992BDF7C9000F84F93 /* Assets.xcassets in Resources */,
				20E09D9C2BDF7C9000F84F93 /* Base in Resources */,
				20E09D942BDF7C8F00F84F93 /* Base in Resources */,
			);
			runOnlyForDeploymentPostprocessing = 0;
		};
		20E09DA02BDF7C9000F84F93 /* Resources */ = {
			isa = PBXResourcesBuildPhase;
			buildActionMask = 2147483647;
			files = (
			);
			runOnlyForDeploymentPostprocessing = 0;
		};
		20E09DAA2BDF7C9000F84F93 /* Resources */ = {
			isa = PBXResourcesBuildPhase;
			buildActionMask = 2147483647;
			files = (
			);
			runOnlyForDeploymentPostprocessing = 0;
		};
/* End PBXResourcesBuildPhase section */

/* Begin PBXSourcesBuildPhase section */
		20E09D852BDF7C8F00F84F93 /* Sources */ = {
			isa = PBXSourcesBuildPhase;
			buildActionMask = 2147483647;
			files = (
				20E09D972BDF7C8F00F84F93 /* InvestAppDesign.xcdatamodeld in Sources */,
				20E09D912BDF7C8F00F84F93 /* ViewController.swift in Sources */,
				20E09D8D2BDF7C8F00F84F93 /* AppDelegate.swift in Sources */,
				20E09D8F2BDF7C8F00F84F93 /* SceneDelegate.swift in Sources */,
			);
			runOnlyForDeploymentPostprocessing = 0;
		};
		20E09D9E2BDF7C9000F84F93 /* Sources */ = {
			isa = PBXSourcesBuildPhase;
			buildActionMask = 2147483647;
			files = (
				20E09DA72BDF7C9000F84F93 /* InvestAppDesignTests.swift in Sources */,
			);
			runOnlyForDeploymentPostprocessing = 0;
		};
		20E09DA82BDF7C9000F84F93 /* Sources */ = {
			isa = PBXSourcesBuildPhase;
			buildActionMask = 2147483647;
			files = (
				20E09DB12BDF7C9000F84F93 /* InvestAppDesignUITests.swift in Sources */,
				20E09DB32BDF7C9000F84F93 /* InvestAppDesignUITestsLaunchTests.swift in Sources */,
			);
			runOnlyForDeploymentPostprocessing = 0;
		};
/* End PBXSourcesBuildPhase section */

/* Begin PBXTargetDependency section */
		20E09DA42BDF7C9000F84F93 /* PBXTargetDependency */ = {
			isa = PBXTargetDependency;
			target = 20E09D882BDF7C8F00F84F93 /* InvestAppDesign */;
			targetProxy = 20E09DA32BDF7C9000F84F93 /* PBXContainerItemProxy */;
		};
		20E09DAE2BDF7C9000F84F93 /* PBXTargetDependency */ = {
			isa = PBXTargetDependency;
			target = 20E09D882BDF7C8F00F84F93 /* InvestAppDesign */;
			targetProxy = 20E09DAD2BDF7C9000F84F93 /* PBXContainerItemProxy */;
		};
/* End PBXTargetDependency section */

/* Begin PBXVariantGroup section */
		20E09D922BDF7C8F00F84F93 /* Main.storyboard */ = {
			isa = PBXVariantGroup;
			children = (
				20E09D932BDF7C8F00F84F93 /* Base */,
			);
			name = Main.storyboard;
			sourceTree = "<group>";
		};
		20E09D9A2BDF7C9000F84F93 /* LaunchScreen.storyboard */ = {
			isa = PBXVariantGroup;
			children = (
				20E09D9B2BDF7C9000F84F93 /* Base */,
			);
			name = LaunchScreen.storyboard;
			sourceTree = "<group>";
		};
/* End PBXVariantGroup section */

/* Begin XCBuildConfiguration section */
		20E09DB42BDF7C9000F84F93 /* Debug */ = {
			isa = XCBuildConfiguration;
			buildSettings = {
				ALWAYS_SEARCH_USER_PATHS = NO;
				ASSETCATALOG_COMPILER_GENERATE_SWIFT_ASSET_SYMBOL_EXTENSIONS = YES;
				CLANG_ANALYZER_NONNULL = YES;
				CLANG_ANALYZER_NUMBER_OBJECT_CONVERSION = YES_AGGRESSIVE;
				CLANG_CXX_LANGUAGE_STANDARD = "gnu++20";
				CLANG_ENABLE_MODULES = YES;
				CLANG_ENABLE_OBJC_ARC = YES;
				CLANG_ENABLE_OBJC_WEAK = YES;
				CLANG_WARN_BLOCK_CAPTURE_AUTORELEASING = YES;
				CLANG_WARN_BOOL_CONVERSION = YES;
				CLANG_WARN_COMMA = YES;
				CLANG_WARN_CONSTANT_CONVERSION = YES;
				CLANG_WARN_DEPRECATED_OBJC_IMPLEMENTATIONS = YES;
				CLANG_WARN_DIRECT_OBJC_ISA_USAGE = YES_ERROR;
				CLANG_WARN_DOCUMENTATION_COMMENTS = YES;
				CLANG_WARN_EMPTY_BODY = YES;
				CLANG_WARN_ENUM_CONVERSION = YES;
				CLANG_WARN_INFINITE_RECURSION = YES;
				CLANG_WARN_INT_CONVERSION = YES;
				CLANG_WARN_NON_LITERAL_NULL_CONVERSION = YES;
				CLANG_WARN_OBJC_IMPLICIT_RETAIN_SELF = YES;
				CLANG_WARN_OBJC_LITERAL_CONVERSION = YES;
				CLANG_WARN_OBJC_ROOT_CLASS = YES_ERROR;
				CLANG_WARN_QUOTED_INCLUDE_IN_FRAMEWORK_HEADER = YES;
				CLANG_WARN_RANGE_LOOP_ANALYSIS = YES;
				CLANG_WARN_STRICT_PROTOTYPES = YES;
				CLANG_WARN_SUSPICIOUS_MOVE = YES;
				CLANG_WARN_UNGUARDED_AVAILABILITY = YES_AGGRESSIVE;
				CLANG_WARN_UNREACHABLE_CODE = YES;
				CLANG_WARN__DUPLICATE_METHOD_MATCH = YES;
				COPY_PHASE_STRIP = NO;
				DEBUG_INFORMATION_FORMAT = dwarf;
				ENABLE_STRICT_OBJC_MSGSEND = YES;
				ENABLE_TESTABILITY = YES;
				ENABLE_USER_SCRIPT_SANDBOXING = YES;
				GCC_C_LANGUAGE_STANDARD = gnu17;
				GCC_DYNAMIC_NO_PIC = NO;
				GCC_NO_COMMON_BLOCKS = YES;
				GCC_OPTIMIZATION_LEVEL = 0;
				GCC_PREPROCESSOR_DEFINITIONS = (
					"DEBUG=1",
					"$(inherited)",
				);
				GCC_WARN_64_TO_32_BIT_CONVERSION = YES;
				GCC_WARN_ABOUT_RETURN_TYPE = YES_ERROR;
				GCC_WARN_UNDECLARED_SELECTOR = YES;
				GCC_WARN_UNINITIALIZED_AUTOS = YES_AGGRESSIVE;
				GCC_WARN_UNUSED_FUNCTION = YES;
				GCC_WARN_UNUSED_VARIABLE = YES;
				IPHONEOS_DEPLOYMENT_TARGET = 17.4;
				LOCALIZATION_PREFERS_STRING_CATALOGS = YES;
				MTL_ENABLE_DEBUG_INFO = INCLUDE_SOURCE;
				MTL_FAST_MATH = YES;
				ONLY_ACTIVE_ARCH = YES;
				SDKROOT = iphoneos;
				SWIFT_ACTIVE_COMPILATION_CONDITIONS = "DEBUG $(inherited)";
				SWIFT_OPTIMIZATION_LEVEL = "-Onone";
			};
			name = Debug;
		};
		20E09DB52BDF7C9000F84F93 /* Release */ = {
			isa = XCBuildConfiguration;
			buildSettings = {
				ALWAYS_SEARCH_USER_PATHS = NO;
				ASSETCATALOG_COMPILER_GENERATE_SWIFT_ASSET_SYMBOL_EXTENSIONS = YES;
				CLANG_ANALYZER_NONNULL = YES;
				CLANG_ANALYZER_NUMBER_OBJECT_CONVERSION = YES_AGGRESSIVE;
				CLANG_CXX_LANGUAGE_STANDARD = "gnu++20";
				CLANG_ENABLE_MODULES = YES;
				CLANG_ENABLE_OBJC_ARC = YES;
				CLANG_ENABLE_OBJC_WEAK = YES;
				CLANG_WARN_BLOCK_CAPTURE_AUTORELEASING = YES;
				CLANG_WARN_BOOL_CONVERSION = YES;
				CLANG_WARN_COMMA = YES;
				CLANG_WARN_CONSTANT_CONVERSION = YES;
				CLANG_WARN_DEPRECATED_OBJC_IMPLEMENTATIONS = YES;
				CLANG_WARN_DIRECT_OBJC_ISA_USAGE = YES_ERROR;
				CLANG_WARN_DOCUMENTATION_COMMENTS = YES;
				CLANG_WARN_EMPTY_BODY = YES;
				CLANG_WARN_ENUM_CONVERSION = YES;
				CLANG_WARN_INFINITE_RECURSION = YES;
				CLANG_WARN_INT_CONVERSION = YES;
				CLANG_WARN_NON_LITERAL_NULL_CONVERSION = YES;
				CLANG_WARN_OBJC_IMPLICIT_RETAIN_SELF = YES;
				CLANG_WARN_OBJC_LITERAL_CONVERSION = YES;
				CLANG_WARN_OBJC_ROOT_CLASS = YES_ERROR;
				CLANG_WARN_QUOTED_INCLUDE_IN_FRAMEWORK_HEADER = YES;
				CLANG_WARN_RANGE_LOOP_ANALYSIS = YES;
				CLANG_WARN_STRICT_PROTOTYPES = YES;
				CLANG_WARN_SUSPICIOUS_MOVE = YES;
				CLANG_WARN_UNGUARDED_AVAILABILITY = YES_AGGRESSIVE;
				CLANG_WARN_UNREACHABLE_CODE = YES;
				CLANG_WARN__DUPLICATE_METHOD_MATCH = YES;
				COPY_PHASE_STRIP = NO;
				DEBUG_INFORMATION_FORMAT = "dwarf-with-dsym";
				ENABLE_NS_ASSERTIONS = NO;
				ENABLE_STRICT_OBJC_MSGSEND = YES;
				ENABLE_USER_SCRIPT_SANDBOXING = YES;
				GCC_C_LANGUAGE_STANDARD = gnu17;
				GCC_NO_COMMON_BLOCKS = YES;
				GCC_WARN_64_TO_32_BIT_CONVERSION = YES;
				GCC_WARN_ABOUT_RETURN_TYPE = YES_ERROR;
				GCC_WARN_UNDECLARED_SELECTOR = YES;
				GCC_WARN_UNINITIALIZED_AUTOS = YES_AGGRESSIVE;
				GCC_WARN_UNUSED_FUNCTION = YES;
				GCC_WARN_UNUSED_VARIABLE = YES;
				IPHONEOS_DEPLOYMENT_TARGET = 17.4;
				LOCALIZATION_PREFERS_STRING_CATALOGS = YES;
				MTL_ENABLE_DEBUG_INFO = NO;
				MTL_FAST_MATH = YES;
				SDKROOT = iphoneos;
				SWIFT_COMPILATION_MODE = wholemodule;
				VALIDATE_PRODUCT = YES;
			};
			name = Release;
		};
		20E09DB72BDF7C9000F84F93 /* Debug */ = {
			isa = XCBuildConfiguration;
			buildSettings = {
				ASSETCATALOG_COMPILER_APPICON_NAME = AppIcon;
				ASSETCATALOG_COMPILER_GLOBAL_ACCENT_COLOR_NAME = AccentColor;
				CODE_SIGN_STYLE = Automatic;
				CURRENT_PROJECT_VERSION = 1;
				DEVELOPMENT_TEAM = 3CL3A52KNG;
				GENERATE_INFOPLIST_FILE = YES;
				INFOPLIST_FILE = InvestAppDesign/Info.plist;
				INFOPLIST_KEY_UIApplicationSupportsIndirectInputEvents = YES;
				INFOPLIST_KEY_UILaunchStoryboardName = LaunchScreen;
				INFOPLIST_KEY_UIMainStoryboardFile = Main;
				INFOPLIST_KEY_UISupportedInterfaceOrientations_iPad = "UIInterfaceOrientationPortrait UIInterfaceOrientationPortraitUpsideDown UIInterfaceOrientationLandscapeLeft UIInterfaceOrientationLandscapeRight";
				INFOPLIST_KEY_UISupportedInterfaceOrientations_iPhone = "UIInterfaceOrientationPortrait UIInterfaceOrientationLandscapeLeft UIInterfaceOrientationLandscapeRight";
				LD_RUNPATH_SEARCH_PATHS = (
					"$(inherited)",
					"@executable_path/Frameworks",
				);
				MARKETING_VERSION = 1.0;
				PRODUCT_BUNDLE_IDENTIFIER = com.tanercelik.InvestAppDesign;
				PRODUCT_NAME = "$(TARGET_NAME)";
				SWIFT_EMIT_LOC_STRINGS = YES;
				SWIFT_VERSION = 5.0;
				TARGETED_DEVICE_FAMILY = "1,2";
			};
			name = Debug;
		};
		20E09DB82BDF7C9000F84F93 /* Release */ = {
			isa = XCBuildConfiguration;
			buildSettings = {
				ASSETCATALOG_COMPILER_APPICON_NAME = AppIcon;
				ASSETCATALOG_COMPILER_GLOBAL_ACCENT_COLOR_NAME = AccentColor;
				CODE_SIGN_STYLE = Automatic;
				CURRENT_PROJECT_VERSION = 1;
				DEVELOPMENT_TEAM = 3CL3A52KNG;
				GENERATE_INFOPLIST_FILE = YES;
				INFOPLIST_FILE = InvestAppDesign/Info.plist;
				INFOPLIST_KEY_UIApplicationSupportsIndirectInputEvents = YES;
				INFOPLIST_KEY_UILaunchStoryboardName = LaunchScreen;
				INFOPLIST_KEY_UIMainStoryboardFile = Main;
				INFOPLIST_KEY_UISupportedInterfaceOrientations_iPad = "UIInterfaceOrientationPortrait UIInterfaceOrientationPortraitUpsideDown UIInterfaceOrientationLandscapeLeft UIInterfaceOrientationLandscapeRight";
				INFOPLIST_KEY_UISupportedInterfaceOrientations_iPhone = "UIInterfaceOrientationPortrait UIInterfaceOrientationLandscapeLeft UIInterfaceOrientationLandscapeRight";
				LD_RUNPATH_SEARCH_PATHS = (
					"$(inherited)",
					"@executable_path/Frameworks",
				);
				MARKETING_VERSION = 1.0;
				PRODUCT_BUNDLE_IDENTIFIER = com.tanercelik.InvestAppDesign;
				PRODUCT_NAME = "$(TARGET_NAME)";
				SWIFT_EMIT_LOC_STRINGS = YES;
				SWIFT_VERSION = 5.0;
				TARGETED_DEVICE_FAMILY = "1,2";
			};
			name = Release;
		};
		20E09DBA2BDF7C9000F84F93 /* Debug */ = {
			isa = XCBuildConfiguration;
			buildSettings = {
				ALWAYS_EMBED_SWIFT_STANDARD_LIBRARIES = YES;
				BUNDLE_LOADER = "$(TEST_HOST)";
				CODE_SIGN_STYLE = Automatic;
				CURRENT_PROJECT_VERSION = 1;
				DEVELOPMENT_TEAM = 3CL3A52KNG;
				GENERATE_INFOPLIST_FILE = YES;
				IPHONEOS_DEPLOYMENT_TARGET = 17.4;
				MARKETING_VERSION = 1.0;
				PRODUCT_BUNDLE_IDENTIFIER = com.tanercelik.InvestAppDesignTests;
				PRODUCT_NAME = "$(TARGET_NAME)";
				SWIFT_EMIT_LOC_STRINGS = NO;
				SWIFT_VERSION = 5.0;
				TARGETED_DEVICE_FAMILY = "1,2";
				TEST_HOST = "$(BUILT_PRODUCTS_DIR)/InvestAppDesign.app/$(BUNDLE_EXECUTABLE_FOLDER_PATH)/InvestAppDesign";
			};
			name = Debug;
		};
		20E09DBB2BDF7C9000F84F93 /* Release */ = {
			isa = XCBuildConfiguration;
			buildSettings = {
				ALWAYS_EMBED_SWIFT_STANDARD_LIBRARIES = YES;
				BUNDLE_LOADER = "$(TEST_HOST)";
				CODE_SIGN_STYLE = Automatic;
				CURRENT_PROJECT_VERSION = 1;
				DEVELOPMENT_TEAM = 3CL3A52KNG;
				GENERATE_INFOPLIST_FILE = YES;
				IPHONEOS_DEPLOYMENT_TARGET = 17.4;
				MARKETING_VERSION = 1.0;
				PRODUCT_BUNDLE_IDENTIFIER = com.tanercelik.InvestAppDesignTests;
				PRODUCT_NAME = "$(TARGET_NAME)";
				SWIFT_EMIT_LOC_STRINGS = NO;
				SWIFT_VERSION = 5.0;
				TARGETED_DEVICE_FAMILY = "1,2";
				TEST_HOST = "$(BUILT_PRODUCTS_DIR)/InvestAppDesign.app/$(BUNDLE_EXECUTABLE_FOLDER_PATH)/InvestAppDesign";
			};
			name = Release;
		};
		20E09DBD2BDF7C9000F84F93 /* Debug */ = {
			isa = XCBuildConfiguration;
			buildSettings = {
				ALWAYS_EMBED_SWIFT_STANDARD_LIBRARIES = YES;
				CODE_SIGN_STYLE = Automatic;
				CURRENT_PROJECT_VERSION = 1;
				DEVELOPMENT_TEAM = 3CL3A52KNG;
				GENERATE_INFOPLIST_FILE = YES;
				MARKETING_VERSION = 1.0;
				PRODUCT_BUNDLE_IDENTIFIER = com.tanercelik.InvestAppDesignUITests;
				PRODUCT_NAME = "$(TARGET_NAME)";
				SWIFT_EMIT_LOC_STRINGS = NO;
				SWIFT_VERSION = 5.0;
				TARGETED_DEVICE_FAMILY = "1,2";
				TEST_TARGET_NAME = InvestAppDesign;
			};
			name = Debug;
		};
		20E09DBE2BDF7C9000F84F93 /* Release */ = {
			isa = XCBuildConfiguration;
			buildSettings = {
				ALWAYS_EMBED_SWIFT_STANDARD_LIBRARIES = YES;
				CODE_SIGN_STYLE = Automatic;
				CURRENT_PROJECT_VERSION = 1;
				DEVELOPMENT_TEAM = 3CL3A52KNG;
				GENERATE_INFOPLIST_FILE = YES;
				MARKETING_VERSION = 1.0;
				PRODUCT_BUNDLE_IDENTIFIER = com.tanercelik.InvestAppDesignUITests;
				PRODUCT_NAME = "$(TARGET_NAME)";
				SWIFT_EMIT_LOC_STRINGS = NO;
				SWIFT_VERSION = 5.0;
				TARGETED_DEVICE_FAMILY = "1,2";
				TEST_TARGET_NAME = InvestAppDesign;
			};
			name = Release;
		};
/* End XCBuildConfiguration section */

/* Begin XCConfigurationList section */
		20E09D842BDF7C8F00F84F93 /* Build configuration list for PBXProject "InvestAppDesign" */ = {
			isa = XCConfigurationList;
			buildConfigurations = (
				20E09DB42BDF7C9000F84F93 /* Debug */,
				20E09DB52BDF7C9000F84F93 /* Release */,
			);
			defaultConfigurationIsVisible = 0;
			defaultConfigurationName = Release;
		};
		20E09DB62BDF7C9000F84F93 /* Build configuration list for PBXNativeTarget "InvestAppDesign" */ = {
			isa = XCConfigurationList;
			buildConfigurations = (
				20E09DB72BDF7C9000F84F93 /* Debug */,
				20E09DB82BDF7C9000F84F93 /* Release */,
			);
			defaultConfigurationIsVisible = 0;
			defaultConfigurationName = Release;
		};
		20E09DB92BDF7C9000F84F93 /* Build configuration list for PBXNativeTarget "InvestAppDesignTests" */ = {
			isa = XCConfigurationList;
			buildConfigurations = (
				20E09DBA2BDF7C9000F84F93 /* Debug */,
				20E09DBB2BDF7C9000F84F93 /* Release */,
			);
			defaultConfigurationIsVisible = 0;
			defaultConfigurationName = Release;
		};
		20E09DBC2BDF7C9000F84F93 /* Build configuration list for PBXNativeTarget "InvestAppDesignUITests" */ = {
			isa = XCConfigurationList;
			buildConfigurations = (
				20E09DBD2BDF7C9000F84F93 /* Debug */,
				20E09DBE2BDF7C9000F84F93 /* Release */,
			);
			defaultConfigurationIsVisible = 0;
			defaultConfigurationName = Release;
		};
/* End XCConfigurationList section */

/* Begin XCVersionGroup section */
		20E09D952BDF7C8F00F84F93 /* InvestAppDesign.xcdatamodeld */ = {
			isa = XCVersionGroup;
			children = (
				20E09D962BDF7C8F00F84F93 /* InvestAppDesign.xcdatamodel */,
			);
			currentVersion = 20E09D962BDF7C8F00F84F93 /* InvestAppDesign.xcdatamodel */;
			path = InvestAppDesign.xcdatamodeld;
			sourceTree = "<group>";
			versionGroupType = wrapper.xcdatamodel;
		};
/* End XCVersionGroup section */
	};
	rootObject = 20E09D812BDF7C8F00F84F93 /* Project object */;
}
